
Microsoft Visual Studio Solution File, Format Version 12.00
# Visual Studio Version 17
VisualStudioVersion = 17.13.35931.197 d17.13
MinimumVisualStudioVersion = 10.0.40219.1
Project("{FAE04EC0-301F-11D3-BF4B-00C04F79EFBC}") = "MusicPlayer", "MusicPlayer.csproj", "{BFA84EFF-8C6C-413A-96FD-EA79F416CC21}"
EndProject
Global
	GlobalSection(SolutionConfigurationPlatforms) = preSolution
		Debug|Any CPU = Debug|Any CPU
		Release|Any CPU = Release|Any CPU
	EndGlobalSection
	GlobalSection(ProjectConfigurationPlatforms) = postSolution
		{BFA84EFF-8C6C-413A-96FD-EA79F416CC21}.Debug|Any CPU.ActiveCfg = Debug|Any CPU
		{BFA84EFF-8C6C-413A-96FD-EA79F416CC21}.Debug|Any CPU.Build.0 = Debug|Any CPU
		{BFA84EFF-8C6C-413A-96FD-EA79F416CC21}.Release|Any CPU.ActiveCfg = Release|Any CPU
		{BFA84EFF-8C6C-413A-96FD-EA79F416CC21}.Release|Any CPU.Build.0 = Release|Any CPU
	EndGlobalSection
	GlobalSection(SolutionProperties) = preSolution
		HideSolutionNode = FALSE
	EndGlobalSection
	GlobalSection(ExtensibilityGlobals) = postSolution
		SolutionGuid = {85713E78-83CC-4676-9356-07A356D64053}
	EndGlobalSection
EndGlobal
